
Microsoft Visual Studio Solution File, Format Version 12.00
# Visual Studio Version 16
VisualStudioVersion = 16.0.31729.503
MinimumVisualStudioVersion = 10.0.40219.1
Project("{FAE04EC0-301F-11D3-BF4B-00C04F79EFBC}") = "jeu", "jeu\jeu.csproj", "{6F944EBC-32D2-4620-9192-E6A300641997}"
EndProject
Global
	GlobalSection(SolutionConfigurationPlatforms) = preSolution
		Debug|Any CPU = Debug|Any CPU
		Release|Any CPU = Release|Any CPU
	EndGlobalSection
	GlobalSection(ProjectConfigurationPlatforms) = postSolution
		{6F944EBC-32D2-4620-9192-E6A300641997}.Debug|Any CPU.ActiveCfg = Debug|Any CPU
		{6F944EBC-32D2-4620-9192-E6A300641997}.Debug|Any CPU.Build.0 = Debug|Any CPU
		{6F944EBC-32D2-4620-9192-E6A300641997}.Release|Any CPU.ActiveCfg = Release|Any CPU
		{6F944EBC-32D2-4620-9192-E6A300641997}.Release|Any CPU.Build.0 = Release|Any CPU
	EndGlobalSection
	GlobalSection(SolutionProperties) = preSolution
		HideSolutionNode = FALSE
	EndGlobalSection
	GlobalSection(ExtensibilityGlobals) = postSolution
		SolutionGuid = {15B47A92-B175-42A8-92D9-FD173DD26D79}
	EndGlobalSection
EndGlobal
